
Microsoft Visual Studio Solution File, Format Version 12.00
# Visual Studio 15
VisualStudioVersion = 15.0.28010.2046
MinimumVisualStudioVersion = 10.0.40219.1
Project("{FAE04EC0-301F-11D3-BF4B-00C04F79EFBC}") = "UDP Sample", "UDP Sample\UDP Sample.csproj", "{8D64E4C3-8443-4CE3-AD1F-36ABD372900E}"
EndProject
Global
	GlobalSection(SolutionConfigurationPlatforms) = preSolution
		Debug|Any CPU = Debug|Any CPU
		Release|Any CPU = Release|Any CPU
	EndGlobalSection
	GlobalSection(ProjectConfigurationPlatforms) = postSolution
		{8D64E4C3-8443-4CE3-AD1F-36ABD372900E}.Debug|Any CPU.ActiveCfg = Debug|Any CPU
		{8D64E4C3-8443-4CE3-AD1F-36ABD372900E}.Debug|Any CPU.Build.0 = Debug|Any CPU
		{8D64E4C3-8443-4CE3-AD1F-36ABD372900E}.Release|Any CPU.ActiveCfg = Release|Any CPU
		{8D64E4C3-8443-4CE3-AD1F-36ABD372900E}.Release|Any CPU.Build.0 = Release|Any CPU
	EndGlobalSection
	GlobalSection(SolutionProperties) = preSolution
		HideSolutionNode = FALSE
	EndGlobalSection
	GlobalSection(ExtensibilityGlobals) = postSolution
		SolutionGuid = {BE4AAA52-6224-4523-A1EC-9A740DAA3AEB}
	EndGlobalSection
EndGlobal
